
Microsoft Visual Studio Solution File, Format Version 12.00
# Visual Studio Version 17
VisualStudioVersion = 17.14.36623.8
MinimumVisualStudioVersion = 10.0.40219.1
Project("{FAE04EC0-301F-11D3-BF4B-00C04F79EFBC}") = "SimpleTaskTrackerAppAPI", "SimpleTaskTrackerAppAPI\SimpleTaskTrackerAppAPI.csproj", "{BEC892C0-2C52-42EE-89F9-0926CD038A4C}"
EndProject
Project("{FAE04EC0-301F-11D3-BF4B-00C04F79EFBC}") = "SimpleTskTrackerAppMVC", "SimpleTskTrackerAppMVC\SimpleTskTrackerAppMVC.csproj", "{DA611E2F-CEAC-4469-BE42-EF2E516758FC}"
EndProject
Global
	GlobalSection(SolutionConfigurationPlatforms) = preSolution
		Debug|Any CPU = Debug|Any CPU
		Release|Any CPU = Release|Any CPU
	EndGlobalSection
	GlobalSection(ProjectConfigurationPlatforms) = postSolution
		{BEC892C0-2C52-42EE-89F9-0926CD038A4C}.Debug|Any CPU.ActiveCfg = Debug|Any CPU
		{BEC892C0-2C52-42EE-89F9-0926CD038A4C}.Debug|Any CPU.Build.0 = Debug|Any CPU
		{BEC892C0-2C52-42EE-89F9-0926CD038A4C}.Release|Any CPU.ActiveCfg = Release|Any CPU
		{BEC892C0-2C52-42EE-89F9-0926CD038A4C}.Release|Any CPU.Build.0 = Release|Any CPU
		{DA611E2F-CEAC-4469-BE42-EF2E516758FC}.Debug|Any CPU.ActiveCfg = Debug|Any CPU
		{DA611E2F-CEAC-4469-BE42-EF2E516758FC}.Debug|Any CPU.Build.0 = Debug|Any CPU
		{DA611E2F-CEAC-4469-BE42-EF2E516758FC}.Release|Any CPU.ActiveCfg = Release|Any CPU
		{DA611E2F-CEAC-4469-BE42-EF2E516758FC}.Release|Any CPU.Build.0 = Release|Any CPU
	EndGlobalSection
	GlobalSection(SolutionProperties) = preSolution
		HideSolutionNode = FALSE
	EndGlobalSection
	GlobalSection(ExtensibilityGlobals) = postSolution
		SolutionGuid = {DE76826B-5997-45D3-94FC-730F02EC096F}
	EndGlobalSection
EndGlobal
